{
  "originHash" : "0bf1140b1bd2a3146387cf05a00bcb352283030beb31455d622b77854ac7da69",
  "pins" : [
    {
      "identity" : "capacitor-swift-pm",
      "kind" : "remoteSourceControl",
      "location" : "https://github.com/ionic-team/capacitor-swift-pm",
      "state" : {
        "revision" : "eb9a900023fe46671fc3d6f6761cbecc910345f7",
        "version" : "7.4.3"
      }
    },
    {
      "identity" : "ionic-live-updates-releases",
      "kind" : "remoteSourceControl",
      "location" : "https://github.com/ionic-team/ionic-live-updates-releases",
      "state" : {
        "revision" : "abfe9cc9d15acfffb7ca8a1b443eb1e41efef1fd",
        "version" : "0.5.7"
      }
    },
    {
      "identity" : "ionic-portals-ios",
      "kind" : "remoteSourceControl",
      "location" : "https://github.com/ionic-team/ionic-portals-ios",
      "state" : {
        "revision" : "7a29f48c285b2b0df63376e099fd8fca8431e84b",
        "version" : "0.12.0"
      }
    }
  ],
  "version" : 3
}
